# This file is autogenerated, do not edit; changes may be undone by the next 'dep ensure'.


[[projects]]
  digest = "1:abbfbedfa346baeb2d95d83d8ad8f2d60567a42536e7bbc360dcdc21dab20f9b"
  name = "github.com/authzed/spicedb"
  packages = ["."]
  pruneopts = "UT"
  revision = "10616c73e4dfcebb282372ec8d4d878cf220ec94"
  version = "v1.3.0"

[[projects]]
  digest = "1:25c787ec2ea31523e9429568622dfc764764ec2e8b2479c1ff033060ba2fa949"
  name = "github.com/dave/jennifer"
  packages = ["jen"]
  pruneopts = "UT"
  revision = "2d8613cf2fc66828e22c1b5dfbaa781bb982e2f8"
  version = "v1.5.1"

[[projects]]
  digest = "1:11eb364ec6a0e8ea947987536c0178c5e6343058aca10c08f62d3a37f2ad4370"
  name = "github.com/ecordell/optgen"
  packages = ["."]
  pruneopts = "UT"
  revision = "8eef97ac2950941a62edb9901aa364e2ceb8e21d"
  version = "v0.0.2"

[solve-meta]
  analyzer-name = "dep"
  analyzer-version = 1
  input-imports = ["github.com/authzed/spicedb"]
  solver-name = "gps-cdcl"
  solver-version = 1
